
Microsoft Visual Studio Solution File, Format Version 12.00
# Visual Studio Version 17
VisualStudioVersion = 17.0.31903.59
MinimumVisualStudioVersion = 10.0.40219.1
Project("{2150E333-8FDC-42A3-9474-1A3956D46DE8}") = "src", "src", "{A32F18FD-E50F-434D-ABB9-17001B6FE936}"
EndProject
Project("{F2A71F9B-5D33-465A-A702-920D77279786}") = "App", "src\App\App.fsproj", "{FA29C946-B8DE-422D-A838-9F777ADFE283}"
EndProject
Project("{F2A71F9B-5D33-465A-A702-920D77279786}") = "Parser", "src\Parser\Parser.fsproj", "{5C6E65A9-4074-416B-9194-40386D61948C}"
EndProject
Global
	GlobalSection(SolutionConfigurationPlatforms) = preSolution
		Debug|Any CPU = Debug|Any CPU
		Release|Any CPU = Release|Any CPU
	EndGlobalSection
	GlobalSection(SolutionProperties) = preSolution
		HideSolutionNode = FALSE
	EndGlobalSection
	GlobalSection(ProjectConfigurationPlatforms) = postSolution
		{FA29C946-B8DE-422D-A838-9F777ADFE283}.Debug|Any CPU.ActiveCfg = Debug|Any CPU
		{FA29C946-B8DE-422D-A838-9F777ADFE283}.Debug|Any CPU.Build.0 = Debug|Any CPU
		{FA29C946-B8DE-422D-A838-9F777ADFE283}.Release|Any CPU.ActiveCfg = Release|Any CPU
		{FA29C946-B8DE-422D-A838-9F777ADFE283}.Release|Any CPU.Build.0 = Release|Any CPU
		{5C6E65A9-4074-416B-9194-40386D61948C}.Debug|Any CPU.ActiveCfg = Debug|Any CPU
		{5C6E65A9-4074-416B-9194-40386D61948C}.Debug|Any CPU.Build.0 = Debug|Any CPU
		{5C6E65A9-4074-416B-9194-40386D61948C}.Release|Any CPU.ActiveCfg = Release|Any CPU
		{5C6E65A9-4074-416B-9194-40386D61948C}.Release|Any CPU.Build.0 = Release|Any CPU
	EndGlobalSection
	GlobalSection(NestedProjects) = preSolution
		{FA29C946-B8DE-422D-A838-9F777ADFE283} = {A32F18FD-E50F-434D-ABB9-17001B6FE936}
		{5C6E65A9-4074-416B-9194-40386D61948C} = {A32F18FD-E50F-434D-ABB9-17001B6FE936}
	EndGlobalSection
EndGlobal
