
Microsoft Visual Studio Solution File, Format Version 12.00
# Visual Studio Version 17
VisualStudioVersion = 17.0.31903.59
MinimumVisualStudioVersion = 10.0.40219.1
Project("{2150E333-8FDC-42A3-9474-1A3956D46DE8}") = "src", "src", "{A32F18FD-E50F-434D-ABB9-17001B6FE936}"
EndProject
Project("{F2A71F9B-5D33-465A-A702-920D77279786}") = "App", "src\App\App.fsproj", "{FA29C946-B8DE-422D-A838-9F777ADFE283}"
EndProject
Project("{F2A71F9B-5D33-465A-A702-920D77279786}") = "Parser", "src\Parser\Parser.fsproj", "{5C6E65A9-4074-416B-9194-40386D61948C}"
EndProject
Project("{F2A71F9B-5D33-465A-A702-920D77279786}") = "StreamInfrastructure", "src\StreamInfrastructure\StreamInfrastructure.fsproj", "{23F8CB4A-48BD-4D12-B0E3-9D5101B2484D}"
EndProject
Project("{F2A71F9B-5D33-465A-A702-920D77279786}") = "XFramework", "src\XFramework\XFramework.fsproj", "{061B39C1-4435-47A8-9A7E-956F2D4EA2D6}"
EndProject
Project("{F2A71F9B-5D33-465A-A702-920D77279786}") = "StreamSharedClient", "src\StreamSharedClient\StreamSharedClient.fsproj", "{ADC8A896-FC6E-46FE-909A-912A3F1A4886}"
EndProject
Project("{F2A71F9B-5D33-465A-A702-920D77279786}") = "AkkaRouter", "src\AkkaRouter\AkkaRouter.fsproj", "{D345F426-DE28-48B9-B9B7-E54EBE9A607A}"
EndProject
Project("{F2A71F9B-5D33-465A-A702-920D77279786}") = "DiscoveryShared", "src\DiscoveryShared\DiscoveryShared.fsproj", "{D6A79754-4E99-4EDF-90DC-A06A3D81C565}"
EndProject
Project("{F2A71F9B-5D33-465A-A702-920D77279786}") = "test", "src\test\test.fsproj", "{4B2257EA-4BA5-457C-8A5B-A56BDF0CF33C}"
EndProject
Global
	GlobalSection(SolutionConfigurationPlatforms) = preSolution
		Debug|Any CPU = Debug|Any CPU
		Release|Any CPU = Release|Any CPU
	EndGlobalSection
	GlobalSection(SolutionProperties) = preSolution
		HideSolutionNode = FALSE
	EndGlobalSection
	GlobalSection(ProjectConfigurationPlatforms) = postSolution
		{FA29C946-B8DE-422D-A838-9F777ADFE283}.Debug|Any CPU.ActiveCfg = Debug|Any CPU
		{FA29C946-B8DE-422D-A838-9F777ADFE283}.Debug|Any CPU.Build.0 = Debug|Any CPU
		{FA29C946-B8DE-422D-A838-9F777ADFE283}.Release|Any CPU.ActiveCfg = Release|Any CPU
		{FA29C946-B8DE-422D-A838-9F777ADFE283}.Release|Any CPU.Build.0 = Release|Any CPU
		{5C6E65A9-4074-416B-9194-40386D61948C}.Debug|Any CPU.ActiveCfg = Debug|Any CPU
		{5C6E65A9-4074-416B-9194-40386D61948C}.Debug|Any CPU.Build.0 = Debug|Any CPU
		{5C6E65A9-4074-416B-9194-40386D61948C}.Release|Any CPU.ActiveCfg = Release|Any CPU
		{5C6E65A9-4074-416B-9194-40386D61948C}.Release|Any CPU.Build.0 = Release|Any CPU
		{23F8CB4A-48BD-4D12-B0E3-9D5101B2484D}.Debug|Any CPU.ActiveCfg = Debug|Any CPU
		{23F8CB4A-48BD-4D12-B0E3-9D5101B2484D}.Debug|Any CPU.Build.0 = Debug|Any CPU
		{23F8CB4A-48BD-4D12-B0E3-9D5101B2484D}.Release|Any CPU.ActiveCfg = Release|Any CPU
		{23F8CB4A-48BD-4D12-B0E3-9D5101B2484D}.Release|Any CPU.Build.0 = Release|Any CPU
		{061B39C1-4435-47A8-9A7E-956F2D4EA2D6}.Debug|Any CPU.ActiveCfg = Debug|Any CPU
		{061B39C1-4435-47A8-9A7E-956F2D4EA2D6}.Debug|Any CPU.Build.0 = Debug|Any CPU
		{061B39C1-4435-47A8-9A7E-956F2D4EA2D6}.Release|Any CPU.ActiveCfg = Release|Any CPU
		{061B39C1-4435-47A8-9A7E-956F2D4EA2D6}.Release|Any CPU.Build.0 = Release|Any CPU
		{ADC8A896-FC6E-46FE-909A-912A3F1A4886}.Debug|Any CPU.ActiveCfg = Debug|Any CPU
		{ADC8A896-FC6E-46FE-909A-912A3F1A4886}.Debug|Any CPU.Build.0 = Debug|Any CPU
		{ADC8A896-FC6E-46FE-909A-912A3F1A4886}.Release|Any CPU.ActiveCfg = Release|Any CPU
		{ADC8A896-FC6E-46FE-909A-912A3F1A4886}.Release|Any CPU.Build.0 = Release|Any CPU
		{D345F426-DE28-48B9-B9B7-E54EBE9A607A}.Debug|Any CPU.ActiveCfg = Debug|Any CPU
		{D345F426-DE28-48B9-B9B7-E54EBE9A607A}.Debug|Any CPU.Build.0 = Debug|Any CPU
		{D345F426-DE28-48B9-B9B7-E54EBE9A607A}.Release|Any CPU.ActiveCfg = Release|Any CPU
		{D345F426-DE28-48B9-B9B7-E54EBE9A607A}.Release|Any CPU.Build.0 = Release|Any CPU
		{D6A79754-4E99-4EDF-90DC-A06A3D81C565}.Debug|Any CPU.ActiveCfg = Debug|Any CPU
		{D6A79754-4E99-4EDF-90DC-A06A3D81C565}.Debug|Any CPU.Build.0 = Debug|Any CPU
		{D6A79754-4E99-4EDF-90DC-A06A3D81C565}.Release|Any CPU.ActiveCfg = Release|Any CPU
		{D6A79754-4E99-4EDF-90DC-A06A3D81C565}.Release|Any CPU.Build.0 = Release|Any CPU
		{4B2257EA-4BA5-457C-8A5B-A56BDF0CF33C}.Debug|Any CPU.ActiveCfg = Debug|Any CPU
		{4B2257EA-4BA5-457C-8A5B-A56BDF0CF33C}.Debug|Any CPU.Build.0 = Debug|Any CPU
		{4B2257EA-4BA5-457C-8A5B-A56BDF0CF33C}.Release|Any CPU.ActiveCfg = Release|Any CPU
		{4B2257EA-4BA5-457C-8A5B-A56BDF0CF33C}.Release|Any CPU.Build.0 = Release|Any CPU
	EndGlobalSection
	GlobalSection(NestedProjects) = preSolution
		{FA29C946-B8DE-422D-A838-9F777ADFE283} = {A32F18FD-E50F-434D-ABB9-17001B6FE936}
		{5C6E65A9-4074-416B-9194-40386D61948C} = {A32F18FD-E50F-434D-ABB9-17001B6FE936}
		{23F8CB4A-48BD-4D12-B0E3-9D5101B2484D} = {A32F18FD-E50F-434D-ABB9-17001B6FE936}
		{061B39C1-4435-47A8-9A7E-956F2D4EA2D6} = {A32F18FD-E50F-434D-ABB9-17001B6FE936}
		{ADC8A896-FC6E-46FE-909A-912A3F1A4886} = {A32F18FD-E50F-434D-ABB9-17001B6FE936}
		{D345F426-DE28-48B9-B9B7-E54EBE9A607A} = {A32F18FD-E50F-434D-ABB9-17001B6FE936}
		{D6A79754-4E99-4EDF-90DC-A06A3D81C565} = {A32F18FD-E50F-434D-ABB9-17001B6FE936}
		{4B2257EA-4BA5-457C-8A5B-A56BDF0CF33C} = {A32F18FD-E50F-434D-ABB9-17001B6FE936}
	EndGlobalSection
EndGlobal
